
Microsoft Visual Studio Solution File, Format Version 12.00
# Visual Studio Version 17
VisualStudioVersion = 17.12.35527.113 d17.12
MinimumVisualStudioVersion = 10.0.40219.1
Project("{FAE04EC0-301F-11D3-BF4B-00C04F79EFBC}") = "SincroPelis", "SincroPelis\SincroPelis.csproj", "{DC0E1DF4-52E3-4ED2-9C0C-40B5E6D24D42}"
EndProject
Global
	GlobalSection(SolutionConfigurationPlatforms) = preSolution
		Debug|Any CPU = Debug|Any CPU
		Release|Any CPU = Release|Any CPU
	EndGlobalSection
	GlobalSection(ProjectConfigurationPlatforms) = postSolution
		{DC0E1DF4-52E3-4ED2-9C0C-40B5E6D24D42}.Debug|Any CPU.ActiveCfg = Debug|Any CPU
		{DC0E1DF4-52E3-4ED2-9C0C-40B5E6D24D42}.Debug|Any CPU.Build.0 = Debug|Any CPU
		{DC0E1DF4-52E3-4ED2-9C0C-40B5E6D24D42}.Release|Any CPU.ActiveCfg = Release|Any CPU
		{DC0E1DF4-52E3-4ED2-9C0C-40B5E6D24D42}.Release|Any CPU.Build.0 = Release|Any CPU
	EndGlobalSection
	GlobalSection(SolutionProperties) = preSolution
		HideSolutionNode = FALSE
	EndGlobalSection
	GlobalSection(ExtensibilityGlobals) = postSolution
		SolutionGuid = {77FC12B0-2BBD-4027-9E57-82FA18F367BA}
	EndGlobalSection
EndGlobal
