
Microsoft Visual Studio Solution File, Format Version 12.00
# Visual Studio Version 17
VisualStudioVersion = 17.12.35527.113
MinimumVisualStudioVersion = 10.0.40219.1
Project("{FAE04EC0-301F-11D3-BF4B-00C04F79EFBC}") = "SincroPelis", "SincroPelis\SincroPelis.csproj", "{DC0E1DF4-52E3-4ED2-9C0C-40B5E6D24D42}"
EndProject
Project("{FAE04EC0-301F-11D3-BF4B-00C04F79EFBC}") = "SincroPelis.Tests", "SincroPelis.Tests\SincroPelis.Tests.csproj", "{9B1BAB39-5633-4D90-9CDE-AC9FF264A158}"
EndProject
Global
	GlobalSection(SolutionConfigurationPlatforms) = preSolution
		Debug|Any CPU = Debug|Any CPU
		Debug|x64 = Debug|x64
		Debug|x86 = Debug|x86
		Release|Any CPU = Release|Any CPU
		Release|x64 = Release|x64
		Release|x86 = Release|x86
	EndGlobalSection
	GlobalSection(ProjectConfigurationPlatforms) = postSolution
		{DC0E1DF4-52E3-4ED2-9C0C-40B5E6D24D42}.Debug|Any CPU.ActiveCfg = Debug|Any CPU
		{DC0E1DF4-52E3-4ED2-9C0C-40B5E6D24D42}.Debug|Any CPU.Build.0 = Debug|Any CPU
		{DC0E1DF4-52E3-4ED2-9C0C-40B5E6D24D42}.Debug|x64.ActiveCfg = Debug|Any CPU
		{DC0E1DF4-52E3-4ED2-9C0C-40B5E6D24D42}.Debug|x64.Build.0 = Debug|Any CPU
		{DC0E1DF4-52E3-4ED2-9C0C-40B5E6D24D42}.Debug|x86.ActiveCfg = Debug|Any CPU
		{DC0E1DF4-52E3-4ED2-9C0C-40B5E6D24D42}.Debug|x86.Build.0 = Debug|Any CPU
		{DC0E1DF4-52E3-4ED2-9C0C-40B5E6D24D42}.Release|Any CPU.ActiveCfg = Release|Any CPU
		{DC0E1DF4-52E3-4ED2-9C0C-40B5E6D24D42}.Release|Any CPU.Build.0 = Release|Any CPU
		{DC0E1DF4-52E3-4ED2-9C0C-40B5E6D24D42}.Release|x64.ActiveCfg = Release|Any CPU
		{DC0E1DF4-52E3-4ED2-9C0C-40B5E6D24D42}.Release|x64.Build.0 = Release|Any CPU
		{DC0E1DF4-52E3-4ED2-9C0C-40B5E6D24D42}.Release|x86.ActiveCfg = Release|Any CPU
		{DC0E1DF4-52E3-4ED2-9C0C-40B5E6D24D42}.Release|x86.Build.0 = Release|Any CPU
		{9B1BAB39-5633-4D90-9CDE-AC9FF264A158}.Debug|Any CPU.ActiveCfg = Debug|Any CPU
		{9B1BAB39-5633-4D90-9CDE-AC9FF264A158}.Debug|Any CPU.Build.0 = Debug|Any CPU
		{9B1BAB39-5633-4D90-9CDE-AC9FF264A158}.Debug|x64.ActiveCfg = Debug|Any CPU
		{9B1BAB39-5633-4D90-9CDE-AC9FF264A158}.Debug|x64.Build.0 = Debug|Any CPU
		{9B1BAB39-5633-4D90-9CDE-AC9FF264A158}.Debug|x86.ActiveCfg = Debug|Any CPU
		{9B1BAB39-5633-4D90-9CDE-AC9FF264A158}.Debug|x86.Build.0 = Debug|Any CPU
		{9B1BAB39-5633-4D90-9CDE-AC9FF264A158}.Release|Any CPU.ActiveCfg = Release|Any CPU
		{9B1BAB39-5633-4D90-9CDE-AC9FF264A158}.Release|Any CPU.Build.0 = Release|Any CPU
		{9B1BAB39-5633-4D90-9CDE-AC9FF264A158}.Release|x64.ActiveCfg = Release|Any CPU
		{9B1BAB39-5633-4D90-9CDE-AC9FF264A158}.Release|x64.Build.0 = Release|Any CPU
		{9B1BAB39-5633-4D90-9CDE-AC9FF264A158}.Release|x86.ActiveCfg = Release|Any CPU
		{9B1BAB39-5633-4D90-9CDE-AC9FF264A158}.Release|x86.Build.0 = Release|Any CPU
	EndGlobalSection
	GlobalSection(SolutionProperties) = preSolution
		HideSolutionNode = FALSE
	EndGlobalSection
	GlobalSection(ExtensibilityGlobals) = postSolution
		SolutionGuid = {77FC12B0-2BBD-4027-9E57-82FA18F367BA}
	EndGlobalSection
EndGlobal
